
Microsoft Visual Studio Solution File, Format Version 12.00
# Visual Studio Version 17
VisualStudioVersion = 17.9.34622.214
MinimumVisualStudioVersion = 10.0.40219.1
Project("{FAE04EC0-301F-11D3-BF4B-00C04F79EFBC}") = "EFCoreDB_HW", "EFCoreDB_HW.csproj", "{F3CE00A1-8037-4050-B37D-08115D6517EC}"
EndProject
Global
	GlobalSection(SolutionConfigurationPlatforms) = preSolution
		Debug|Any CPU = Debug|Any CPU
		Release|Any CPU = Release|Any CPU
	EndGlobalSection
	GlobalSection(ProjectConfigurationPlatforms) = postSolution
		{F3CE00A1-8037-4050-B37D-08115D6517EC}.Debug|Any CPU.ActiveCfg = Debug|Any CPU
		{F3CE00A1-8037-4050-B37D-08115D6517EC}.Debug|Any CPU.Build.0 = Debug|Any CPU
		{F3CE00A1-8037-4050-B37D-08115D6517EC}.Release|Any CPU.ActiveCfg = Release|Any CPU
		{F3CE00A1-8037-4050-B37D-08115D6517EC}.Release|Any CPU.Build.0 = Release|Any CPU
	EndGlobalSection
	GlobalSection(SolutionProperties) = preSolution
		HideSolutionNode = FALSE
	EndGlobalSection
	GlobalSection(ExtensibilityGlobals) = postSolution
		SolutionGuid = {0FFB1672-2DD6-45EA-A595-C7B8594B764E}
	EndGlobalSection
EndGlobal
